
Microsoft Visual Studio Solution File, Format Version 12.00
# Visual Studio 15
VisualStudioVersion = 15.0.26124.0
MinimumVisualStudioVersion = 15.0.26124.0
Project("{FAE04EC0-301F-11D3-BF4B-00C04F79EFBC}") = "Calculator.Core", "Calculator.Core\Calculator.Core.csproj", "{4FF7CCDA-20EB-49CC-B170-68E06BE29994}"
EndProject
Project("{FAE04EC0-301F-11D3-BF4B-00C04F79EFBC}") = "Calculator.Test", "Calculator.Test\Calculator.Test.csproj", "{7BB50B15-A233-4259-BD5B-10CE338FED48}"
EndProject
Project("{FAE04EC0-301F-11D3-BF4B-00C04F79EFBC}") = "Calculator.Web", "Calculator.Web\Calculator.Web.csproj", "{088D0C98-884A-445B-BE59-18C9633A145E}"
EndProject
Global
	GlobalSection(SolutionConfigurationPlatforms) = preSolution
		Debug|Any CPU = Debug|Any CPU
		Debug|x64 = Debug|x64
		Debug|x86 = Debug|x86
		Release|Any CPU = Release|Any CPU
		Release|x64 = Release|x64
		Release|x86 = Release|x86
	EndGlobalSection
	GlobalSection(SolutionProperties) = preSolution
		HideSolutionNode = FALSE
	EndGlobalSection
	GlobalSection(ProjectConfigurationPlatforms) = postSolution
		{4FF7CCDA-20EB-49CC-B170-68E06BE29994}.Debug|Any CPU.ActiveCfg = Debug|Any CPU
		{4FF7CCDA-20EB-49CC-B170-68E06BE29994}.Debug|Any CPU.Build.0 = Debug|Any CPU
		{4FF7CCDA-20EB-49CC-B170-68E06BE29994}.Debug|x64.ActiveCfg = Debug|Any CPU
		{4FF7CCDA-20EB-49CC-B170-68E06BE29994}.Debug|x64.Build.0 = Debug|Any CPU
		{4FF7CCDA-20EB-49CC-B170-68E06BE29994}.Debug|x86.ActiveCfg = Debug|Any CPU
		{4FF7CCDA-20EB-49CC-B170-68E06BE29994}.Debug|x86.Build.0 = Debug|Any CPU
		{4FF7CCDA-20EB-49CC-B170-68E06BE29994}.Release|Any CPU.ActiveCfg = Release|Any CPU
		{4FF7CCDA-20EB-49CC-B170-68E06BE29994}.Release|Any CPU.Build.0 = Release|Any CPU
		{4FF7CCDA-20EB-49CC-B170-68E06BE29994}.Release|x64.ActiveCfg = Release|Any CPU
		{4FF7CCDA-20EB-49CC-B170-68E06BE29994}.Release|x64.Build.0 = Release|Any CPU
		{4FF7CCDA-20EB-49CC-B170-68E06BE29994}.Release|x86.ActiveCfg = Release|Any CPU
		{4FF7CCDA-20EB-49CC-B170-68E06BE29994}.Release|x86.Build.0 = Release|Any CPU
		{7BB50B15-A233-4259-BD5B-10CE338FED48}.Debug|Any CPU.ActiveCfg = Debug|Any CPU
		{7BB50B15-A233-4259-BD5B-10CE338FED48}.Debug|Any CPU.Build.0 = Debug|Any CPU
		{7BB50B15-A233-4259-BD5B-10CE338FED48}.Debug|x64.ActiveCfg = Debug|Any CPU
		{7BB50B15-A233-4259-BD5B-10CE338FED48}.Debug|x64.Build.0 = Debug|Any CPU
		{7BB50B15-A233-4259-BD5B-10CE338FED48}.Debug|x86.ActiveCfg = Debug|Any CPU
		{7BB50B15-A233-4259-BD5B-10CE338FED48}.Debug|x86.Build.0 = Debug|Any CPU
		{7BB50B15-A233-4259-BD5B-10CE338FED48}.Release|Any CPU.ActiveCfg = Release|Any CPU
		{7BB50B15-A233-4259-BD5B-10CE338FED48}.Release|Any CPU.Build.0 = Release|Any CPU
		{7BB50B15-A233-4259-BD5B-10CE338FED48}.Release|x64.ActiveCfg = Release|Any CPU
		{7BB50B15-A233-4259-BD5B-10CE338FED48}.Release|x64.Build.0 = Release|Any CPU
		{7BB50B15-A233-4259-BD5B-10CE338FED48}.Release|x86.ActiveCfg = Release|Any CPU
		{7BB50B15-A233-4259-BD5B-10CE338FED48}.Release|x86.Build.0 = Release|Any CPU
		{088D0C98-884A-445B-BE59-18C9633A145E}.Debug|Any CPU.ActiveCfg = Debug|Any CPU
		{088D0C98-884A-445B-BE59-18C9633A145E}.Debug|Any CPU.Build.0 = Debug|Any CPU
		{088D0C98-884A-445B-BE59-18C9633A145E}.Debug|x64.ActiveCfg = Debug|Any CPU
		{088D0C98-884A-445B-BE59-18C9633A145E}.Debug|x64.Build.0 = Debug|Any CPU
		{088D0C98-884A-445B-BE59-18C9633A145E}.Debug|x86.ActiveCfg = Debug|Any CPU
		{088D0C98-884A-445B-BE59-18C9633A145E}.Debug|x86.Build.0 = Debug|Any CPU
		{088D0C98-884A-445B-BE59-18C9633A145E}.Release|Any CPU.ActiveCfg = Release|Any CPU
		{088D0C98-884A-445B-BE59-18C9633A145E}.Release|Any CPU.Build.0 = Release|Any CPU
		{088D0C98-884A-445B-BE59-18C9633A145E}.Release|x64.ActiveCfg = Release|Any CPU
		{088D0C98-884A-445B-BE59-18C9633A145E}.Release|x64.Build.0 = Release|Any CPU
		{088D0C98-884A-445B-BE59-18C9633A145E}.Release|x86.ActiveCfg = Release|Any CPU
		{088D0C98-884A-445B-BE59-18C9633A145E}.Release|x86.Build.0 = Release|Any CPU
	EndGlobalSection
EndGlobal
